
Microsoft Visual Studio Solution File, Format Version 12.00
# Visual Studio Version 17
VisualStudioVersion = 17.5.33414.496
MinimumVisualStudioVersion = 10.0.40219.1
Project("{FAE04EC0-301F-11D3-BF4B-00C04F79EFBC}") = "MAUTest", "MAUTest\MAUTest.csproj", "{8113FC07-930B-43D7-8188-2C53A933367C}"
EndProject
Global
	GlobalSection(SolutionConfigurationPlatforms) = preSolution
		Debug|Any CPU = Debug|Any CPU
		Release|Any CPU = Release|Any CPU
	EndGlobalSection
	GlobalSection(ProjectConfigurationPlatforms) = postSolution
		{8113FC07-930B-43D7-8188-2C53A933367C}.Debug|Any CPU.ActiveCfg = Debug|Any CPU
		{8113FC07-930B-43D7-8188-2C53A933367C}.Debug|Any CPU.Build.0 = Debug|Any CPU
		{8113FC07-930B-43D7-8188-2C53A933367C}.Debug|Any CPU.Deploy.0 = Debug|Any CPU
		{8113FC07-930B-43D7-8188-2C53A933367C}.Release|Any CPU.ActiveCfg = Release|Any CPU
		{8113FC07-930B-43D7-8188-2C53A933367C}.Release|Any CPU.Build.0 = Release|Any CPU
		{8113FC07-930B-43D7-8188-2C53A933367C}.Release|Any CPU.Deploy.0 = Release|Any CPU
	EndGlobalSection
	GlobalSection(SolutionProperties) = preSolution
		HideSolutionNode = FALSE
	EndGlobalSection
	GlobalSection(ExtensibilityGlobals) = postSolution
		SolutionGuid = {C9917210-C13A-4A7D-8202-557E7933CE11}
	EndGlobalSection
EndGlobal
